
Microsoft Visual Studio Solution File, Format Version 12.00
# Visual Studio Version 16
VisualStudioVersion = 16.0.33027.164
MinimumVisualStudioVersion = 10.0.40219.1
Project("{9A19103F-16F7-4668-BE54-9A1E7A4F7556}") = "HUST.Api", "HUST.Api\HUST.Api.csproj", "{165F7660-DDCD-49EC-9C67-AFA2139F7D5C}"
EndProject
Project("{9A19103F-16F7-4668-BE54-9A1E7A4F7556}") = "HUST.Core", "HUST.Core\HUST.Core.csproj", "{969D139E-1788-455B-963A-02D13BB1140E}"
EndProject
Project("{9A19103F-16F7-4668-BE54-9A1E7A4F7556}") = "HUST.Infrastructure", "HUST.Infrastructure\HUST.Infrastructure.csproj", "{7256A215-6826-4457-8359-56733A5B1BB0}"
EndProject
Project("{2150E333-8FDC-42A3-9474-1A3956D46DE8}") = "Solution Items", "Solution Items", "{3BB86201-45B5-4E01-B737-0F3DEC519C62}"
	ProjectSection(SolutionItems) = preProject
		.editorconfig = .editorconfig
	EndProjectSection
EndProject
Global
	GlobalSection(SolutionConfigurationPlatforms) = preSolution
		Debug|Any CPU = Debug|Any CPU
		Release|Any CPU = Release|Any CPU
	EndGlobalSection
	GlobalSection(ProjectConfigurationPlatforms) = postSolution
		{165F7660-DDCD-49EC-9C67-AFA2139F7D5C}.Debug|Any CPU.ActiveCfg = Debug|Any CPU
		{165F7660-DDCD-49EC-9C67-AFA2139F7D5C}.Debug|Any CPU.Build.0 = Debug|Any CPU
		{165F7660-DDCD-49EC-9C67-AFA2139F7D5C}.Release|Any CPU.ActiveCfg = Release|Any CPU
		{165F7660-DDCD-49EC-9C67-AFA2139F7D5C}.Release|Any CPU.Build.0 = Release|Any CPU
		{969D139E-1788-455B-963A-02D13BB1140E}.Debug|Any CPU.ActiveCfg = Debug|Any CPU
		{969D139E-1788-455B-963A-02D13BB1140E}.Debug|Any CPU.Build.0 = Debug|Any CPU
		{969D139E-1788-455B-963A-02D13BB1140E}.Release|Any CPU.ActiveCfg = Release|Any CPU
		{969D139E-1788-455B-963A-02D13BB1140E}.Release|Any CPU.Build.0 = Release|Any CPU
		{7256A215-6826-4457-8359-56733A5B1BB0}.Debug|Any CPU.ActiveCfg = Debug|Any CPU
		{7256A215-6826-4457-8359-56733A5B1BB0}.Debug|Any CPU.Build.0 = Debug|Any CPU
		{7256A215-6826-4457-8359-56733A5B1BB0}.Release|Any CPU.ActiveCfg = Release|Any CPU
		{7256A215-6826-4457-8359-56733A5B1BB0}.Release|Any CPU.Build.0 = Release|Any CPU
	EndGlobalSection
	GlobalSection(SolutionProperties) = preSolution
		HideSolutionNode = FALSE
	EndGlobalSection
	GlobalSection(ExtensibilityGlobals) = postSolution
		SolutionGuid = {9FB070B1-02A3-4E1E-A40E-CF9C7DDDE8F7}
	EndGlobalSection
EndGlobal
